
Microsoft Visual Studio Solution File, Format Version 12.00
# Visual Studio Version 16
VisualStudioVersion = 16.0.31624.102
MinimumVisualStudioVersion = 10.0.40219.1
Project("{FAE04EC0-301F-11D3-BF4B-00C04F79EFBC}") = "task 9", "task 9\task 9.csproj", "{6EBA1EAB-7FFC-491D-AF91-CA63B50B7D5B}"
EndProject
Global
	GlobalSection(SolutionConfigurationPlatforms) = preSolution
		Debug|Any CPU = Debug|Any CPU
		Release|Any CPU = Release|Any CPU
	EndGlobalSection
	GlobalSection(ProjectConfigurationPlatforms) = postSolution
		{6EBA1EAB-7FFC-491D-AF91-CA63B50B7D5B}.Debug|Any CPU.ActiveCfg = Debug|Any CPU
		{6EBA1EAB-7FFC-491D-AF91-CA63B50B7D5B}.Debug|Any CPU.Build.0 = Debug|Any CPU
		{6EBA1EAB-7FFC-491D-AF91-CA63B50B7D5B}.Release|Any CPU.ActiveCfg = Release|Any CPU
		{6EBA1EAB-7FFC-491D-AF91-CA63B50B7D5B}.Release|Any CPU.Build.0 = Release|Any CPU
	EndGlobalSection
	GlobalSection(SolutionProperties) = preSolution
		HideSolutionNode = FALSE
	EndGlobalSection
	GlobalSection(ExtensibilityGlobals) = postSolution
		SolutionGuid = {01E1012F-46A9-4D0C-BBB1-5A2139CE2DFB}
	EndGlobalSection
EndGlobal
